github.com/stretchr/testify v1.11.1 h1:7s2iGBzp5EwR7/aIZr8ao5+dra3wiQyKjjFuvgVKu7U=
github.com/stretchr/testify v1.11.1/go.mod h1:wZwfW3scLgRK+23gO65QZefKpKQRnfz6sD981Nm4B6U=
github.com/wavesplatform/gowaves v0.11.1 h1:SdPl+sDKM0A4bxAwb5ycRE/fOUx77L5LBCCirBjom2g=
github.com/wavesplatform/gowaves v0.11.1/go.mod h1:9AKPZGLp9Wt3HzdkzbTpcIE8K8u32muOtvaeyxQieOw=
